
Microsoft Visual Studio Solution File, Format Version 12.00
# Visual Studio Version 16
VisualStudioVersion = 16.0.31321.278
MinimumVisualStudioVersion = 10.0.40219.1
Project("{C7167F0D-BC9F-4E6E-AFE1-012C56B48DB5}") = "App1 (Package)", "App1\App1 (Package)\App1 (Package).wapproj", "{6E7558A6-B421-4686-9594-C00D85BD8973}"
EndProject
Project("{9A19103F-16F7-4668-BE54-9A1E7A4F7556}") = "App1", "App1\App1\App1.csproj", "{4998A069-D37A-4066-8E6E-2C9134D9BB82}"
EndProject
Project("{FAE04EC0-301F-11D3-BF4B-00C04F79EFBC}") = "UWPApp", "UWPApp\UWPApp.csproj", "{0218DF07-7528-4246-AF08-DEC4D07EB195}"
EndProject
Project("{9A19103F-16F7-4668-BE54-9A1E7A4F7556}") = "WinFormsApp1", "WinFormsApp1\WinFormsApp1.csproj", "{5B2B9F68-647B-4C93-886E-FFD590B7348C}"
EndProject
Project("{FAE04EC0-301F-11D3-BF4B-00C04F79EFBC}") = "WindowsService1", "WindowsService1\WindowsService1.csproj", "{350FDDB0-0395-4467-82BF-86D7DAD16912}"
EndProject
Project("{FAE04EC0-301F-11D3-BF4B-00C04F79EFBC}") = "MyWRC", "MyWRC\MyWRC.csproj", "{0F823B49-2396-40F6-B17D-0E40DB14BA88}"
EndProject
Project("{2150E333-8FDC-42A3-9474-1A3956D46DE8}") = "winui3", "winui3", "{4DF8BDED-0D40-41B9-8131-7D3ACDCE15FB}"
EndProject
Project("{2150E333-8FDC-42A3-9474-1A3956D46DE8}") = "uwp", "uwp", "{6279EFC1-1FC7-476E-81E0-1563AAEE69C2}"
EndProject
Project("{2150E333-8FDC-42A3-9474-1A3956D46DE8}") = "try_block_shutdown", "try_block_shutdown", "{C3F9218F-FA5B-4FE7-A53A-00C1DC0C080F}"
EndProject
Global
	GlobalSection(SolutionConfigurationPlatforms) = preSolution
		Debug|Any CPU = Debug|Any CPU
		Debug|ARM = Debug|ARM
		Debug|arm64 = Debug|arm64
		Debug|x64 = Debug|x64
		Debug|x86 = Debug|x86
		Release|Any CPU = Release|Any CPU
		Release|ARM = Release|ARM
		Release|arm64 = Release|arm64
		Release|x64 = Release|x64
		Release|x86 = Release|x86
	EndGlobalSection
	GlobalSection(ProjectConfigurationPlatforms) = postSolution
		{6E7558A6-B421-4686-9594-C00D85BD8973}.Debug|Any CPU.ActiveCfg = Debug|x86
		{6E7558A6-B421-4686-9594-C00D85BD8973}.Debug|ARM.ActiveCfg = Debug|x86
		{6E7558A6-B421-4686-9594-C00D85BD8973}.Debug|arm64.ActiveCfg = Debug|arm64
		{6E7558A6-B421-4686-9594-C00D85BD8973}.Debug|arm64.Build.0 = Debug|arm64
		{6E7558A6-B421-4686-9594-C00D85BD8973}.Debug|arm64.Deploy.0 = Debug|arm64
		{6E7558A6-B421-4686-9594-C00D85BD8973}.Debug|x64.ActiveCfg = Debug|x64
		{6E7558A6-B421-4686-9594-C00D85BD8973}.Debug|x64.Build.0 = Debug|x64
		{6E7558A6-B421-4686-9594-C00D85BD8973}.Debug|x64.Deploy.0 = Debug|x64
		{6E7558A6-B421-4686-9594-C00D85BD8973}.Debug|x86.ActiveCfg = Debug|x86
		{6E7558A6-B421-4686-9594-C00D85BD8973}.Debug|x86.Build.0 = Debug|x86
		{6E7558A6-B421-4686-9594-C00D85BD8973}.Debug|x86.Deploy.0 = Debug|x86
		{6E7558A6-B421-4686-9594-C00D85BD8973}.Release|Any CPU.ActiveCfg = Release|x86
		{6E7558A6-B421-4686-9594-C00D85BD8973}.Release|ARM.ActiveCfg = Release|x86
		{6E7558A6-B421-4686-9594-C00D85BD8973}.Release|arm64.ActiveCfg = Release|arm64
		{6E7558A6-B421-4686-9594-C00D85BD8973}.Release|arm64.Build.0 = Release|arm64
		{6E7558A6-B421-4686-9594-C00D85BD8973}.Release|arm64.Deploy.0 = Release|arm64
		{6E7558A6-B421-4686-9594-C00D85BD8973}.Release|x64.ActiveCfg = Release|x64
		{6E7558A6-B421-4686-9594-C00D85BD8973}.Release|x64.Build.0 = Release|x64
		{6E7558A6-B421-4686-9594-C00D85BD8973}.Release|x64.Deploy.0 = Release|x64
		{6E7558A6-B421-4686-9594-C00D85BD8973}.Release|x86.ActiveCfg = Release|x86
		{6E7558A6-B421-4686-9594-C00D85BD8973}.Release|x86.Build.0 = Release|x86
		{6E7558A6-B421-4686-9594-C00D85BD8973}.Release|x86.Deploy.0 = Release|x86
		{4998A069-D37A-4066-8E6E-2C9134D9BB82}.Debug|Any CPU.ActiveCfg = Debug|x86
		{4998A069-D37A-4066-8E6E-2C9134D9BB82}.Debug|ARM.ActiveCfg = Debug|x86
		{4998A069-D37A-4066-8E6E-2C9134D9BB82}.Debug|arm64.ActiveCfg = Debug|arm64
		{4998A069-D37A-4066-8E6E-2C9134D9BB82}.Debug|arm64.Build.0 = Debug|arm64
		{4998A069-D37A-4066-8E6E-2C9134D9BB82}.Debug|x64.ActiveCfg = Debug|x64
		{4998A069-D37A-4066-8E6E-2C9134D9BB82}.Debug|x64.Build.0 = Debug|x64
		{4998A069-D37A-4066-8E6E-2C9134D9BB82}.Debug|x86.ActiveCfg = Debug|x86
		{4998A069-D37A-4066-8E6E-2C9134D9BB82}.Debug|x86.Build.0 = Debug|x86
		{4998A069-D37A-4066-8E6E-2C9134D9BB82}.Release|Any CPU.ActiveCfg = Release|x86
		{4998A069-D37A-4066-8E6E-2C9134D9BB82}.Release|ARM.ActiveCfg = Release|x86
		{4998A069-D37A-4066-8E6E-2C9134D9BB82}.Release|arm64.ActiveCfg = Release|arm64
		{4998A069-D37A-4066-8E6E-2C9134D9BB82}.Release|arm64.Build.0 = Release|arm64
		{4998A069-D37A-4066-8E6E-2C9134D9BB82}.Release|x64.ActiveCfg = Release|x64
		{4998A069-D37A-4066-8E6E-2C9134D9BB82}.Release|x64.Build.0 = Release|x64
		{4998A069-D37A-4066-8E6E-2C9134D9BB82}.Release|x86.ActiveCfg = Release|x86
		{4998A069-D37A-4066-8E6E-2C9134D9BB82}.Release|x86.Build.0 = Release|x86
		{0218DF07-7528-4246-AF08-DEC4D07EB195}.Debug|Any CPU.ActiveCfg = Debug|x86
		{0218DF07-7528-4246-AF08-DEC4D07EB195}.Debug|ARM.ActiveCfg = Debug|ARM
		{0218DF07-7528-4246-AF08-DEC4D07EB195}.Debug|ARM.Build.0 = Debug|ARM
		{0218DF07-7528-4246-AF08-DEC4D07EB195}.Debug|ARM.Deploy.0 = Debug|ARM
		{0218DF07-7528-4246-AF08-DEC4D07EB195}.Debug|arm64.ActiveCfg = Debug|ARM64
		{0218DF07-7528-4246-AF08-DEC4D07EB195}.Debug|arm64.Build.0 = Debug|ARM64
		{0218DF07-7528-4246-AF08-DEC4D07EB195}.Debug|arm64.Deploy.0 = Debug|ARM64
		{0218DF07-7528-4246-AF08-DEC4D07EB195}.Debug|x64.ActiveCfg = Debug|x64
		{0218DF07-7528-4246-AF08-DEC4D07EB195}.Debug|x64.Build.0 = Debug|x64
		{0218DF07-7528-4246-AF08-DEC4D07EB195}.Debug|x64.Deploy.0 = Debug|x64
		{0218DF07-7528-4246-AF08-DEC4D07EB195}.Debug|x86.ActiveCfg = Debug|x86
		{0218DF07-7528-4246-AF08-DEC4D07EB195}.Debug|x86.Build.0 = Debug|x86
		{0218DF07-7528-4246-AF08-DEC4D07EB195}.Debug|x86.Deploy.0 = Debug|x86
		{0218DF07-7528-4246-AF08-DEC4D07EB195}.Release|Any CPU.ActiveCfg = Release|x86
		{0218DF07-7528-4246-AF08-DEC4D07EB195}.Release|ARM.ActiveCfg = Release|ARM
		{0218DF07-7528-4246-AF08-DEC4D07EB195}.Release|ARM.Build.0 = Release|ARM
		{0218DF07-7528-4246-AF08-DEC4D07EB195}.Release|ARM.Deploy.0 = Release|ARM
		{0218DF07-7528-4246-AF08-DEC4D07EB195}.Release|arm64.ActiveCfg = Release|ARM64
		{0218DF07-7528-4246-AF08-DEC4D07EB195}.Release|arm64.Build.0 = Release|ARM64
		{0218DF07-7528-4246-AF08-DEC4D07EB195}.Release|arm64.Deploy.0 = Release|ARM64
		{0218DF07-7528-4246-AF08-DEC4D07EB195}.Release|x64.ActiveCfg = Release|x64
		{0218DF07-7528-4246-AF08-DEC4D07EB195}.Release|x64.Build.0 = Release|x64
		{0218DF07-7528-4246-AF08-DEC4D07EB195}.Release|x64.Deploy.0 = Release|x64
		{0218DF07-7528-4246-AF08-DEC4D07EB195}.Release|x86.ActiveCfg = Release|x86
		{0218DF07-7528-4246-AF08-DEC4D07EB195}.Release|x86.Build.0 = Release|x86
		{0218DF07-7528-4246-AF08-DEC4D07EB195}.Release|x86.Deploy.0 = Release|x86
		{5B2B9F68-647B-4C93-886E-FFD590B7348C}.Debug|Any CPU.ActiveCfg = Debug|Any CPU
		{5B2B9F68-647B-4C93-886E-FFD590B7348C}.Debug|Any CPU.Build.0 = Debug|Any CPU
		{5B2B9F68-647B-4C93-886E-FFD590B7348C}.Debug|ARM.ActiveCfg = Debug|Any CPU
		{5B2B9F68-647B-4C93-886E-FFD590B7348C}.Debug|ARM.Build.0 = Debug|Any CPU
		{5B2B9F68-647B-4C93-886E-FFD590B7348C}.Debug|arm64.ActiveCfg = Debug|Any CPU
		{5B2B9F68-647B-4C93-886E-FFD590B7348C}.Debug|arm64.Build.0 = Debug|Any CPU
		{5B2B9F68-647B-4C93-886E-FFD590B7348C}.Debug|x64.ActiveCfg = Debug|Any CPU
		{5B2B9F68-647B-4C93-886E-FFD590B7348C}.Debug|x64.Build.0 = Debug|Any CPU
		{5B2B9F68-647B-4C93-886E-FFD590B7348C}.Debug|x86.ActiveCfg = Debug|Any CPU
		{5B2B9F68-647B-4C93-886E-FFD590B7348C}.Debug|x86.Build.0 = Debug|Any CPU
		{5B2B9F68-647B-4C93-886E-FFD590B7348C}.Release|Any CPU.ActiveCfg = Release|Any CPU
		{5B2B9F68-647B-4C93-886E-FFD590B7348C}.Release|Any CPU.Build.0 = Release|Any CPU
		{5B2B9F68-647B-4C93-886E-FFD590B7348C}.Release|ARM.ActiveCfg = Release|Any CPU
		{5B2B9F68-647B-4C93-886E-FFD590B7348C}.Release|ARM.Build.0 = Release|Any CPU
		{5B2B9F68-647B-4C93-886E-FFD590B7348C}.Release|arm64.ActiveCfg = Release|Any CPU
		{5B2B9F68-647B-4C93-886E-FFD590B7348C}.Release|arm64.Build.0 = Release|Any CPU
		{5B2B9F68-647B-4C93-886E-FFD590B7348C}.Release|x64.ActiveCfg = Release|Any CPU
		{5B2B9F68-647B-4C93-886E-FFD590B7348C}.Release|x64.Build.0 = Release|Any CPU
		{5B2B9F68-647B-4C93-886E-FFD590B7348C}.Release|x86.ActiveCfg = Release|Any CPU
		{5B2B9F68-647B-4C93-886E-FFD590B7348C}.Release|x86.Build.0 = Release|Any CPU
		{350FDDB0-0395-4467-82BF-86D7DAD16912}.Debug|Any CPU.ActiveCfg = Debug|Any CPU
		{350FDDB0-0395-4467-82BF-86D7DAD16912}.Debug|Any CPU.Build.0 = Debug|Any CPU
		{350FDDB0-0395-4467-82BF-86D7DAD16912}.Debug|ARM.ActiveCfg = Debug|Any CPU
		{350FDDB0-0395-4467-82BF-86D7DAD16912}.Debug|ARM.Build.0 = Debug|Any CPU
		{350FDDB0-0395-4467-82BF-86D7DAD16912}.Debug|arm64.ActiveCfg = Debug|Any CPU
		{350FDDB0-0395-4467-82BF-86D7DAD16912}.Debug|arm64.Build.0 = Debug|Any CPU
		{350FDDB0-0395-4467-82BF-86D7DAD16912}.Debug|x64.ActiveCfg = Debug|Any CPU
		{350FDDB0-0395-4467-82BF-86D7DAD16912}.Debug|x64.Build.0 = Debug|Any CPU
		{350FDDB0-0395-4467-82BF-86D7DAD16912}.Debug|x86.ActiveCfg = Debug|Any CPU
		{350FDDB0-0395-4467-82BF-86D7DAD16912}.Debug|x86.Build.0 = Debug|Any CPU
		{350FDDB0-0395-4467-82BF-86D7DAD16912}.Release|Any CPU.ActiveCfg = Release|Any CPU
		{350FDDB0-0395-4467-82BF-86D7DAD16912}.Release|Any CPU.Build.0 = Release|Any CPU
		{350FDDB0-0395-4467-82BF-86D7DAD16912}.Release|ARM.ActiveCfg = Release|Any CPU
		{350FDDB0-0395-4467-82BF-86D7DAD16912}.Release|ARM.Build.0 = Release|Any CPU
		{350FDDB0-0395-4467-82BF-86D7DAD16912}.Release|arm64.ActiveCfg = Release|Any CPU
		{350FDDB0-0395-4467-82BF-86D7DAD16912}.Release|arm64.Build.0 = Release|Any CPU
		{350FDDB0-0395-4467-82BF-86D7DAD16912}.Release|x64.ActiveCfg = Release|Any CPU
		{350FDDB0-0395-4467-82BF-86D7DAD16912}.Release|x64.Build.0 = Release|Any CPU
		{350FDDB0-0395-4467-82BF-86D7DAD16912}.Release|x86.ActiveCfg = Release|Any CPU
		{350FDDB0-0395-4467-82BF-86D7DAD16912}.Release|x86.Build.0 = Release|Any CPU
		{0F823B49-2396-40F6-B17D-0E40DB14BA88}.Debug|Any CPU.ActiveCfg = Debug|Any CPU
		{0F823B49-2396-40F6-B17D-0E40DB14BA88}.Debug|Any CPU.Build.0 = Debug|Any CPU
		{0F823B49-2396-40F6-B17D-0E40DB14BA88}.Debug|ARM.ActiveCfg = Debug|ARM
		{0F823B49-2396-40F6-B17D-0E40DB14BA88}.Debug|ARM.Build.0 = Debug|ARM
		{0F823B49-2396-40F6-B17D-0E40DB14BA88}.Debug|arm64.ActiveCfg = Debug|ARM64
		{0F823B49-2396-40F6-B17D-0E40DB14BA88}.Debug|arm64.Build.0 = Debug|ARM64
		{0F823B49-2396-40F6-B17D-0E40DB14BA88}.Debug|x64.ActiveCfg = Debug|x64
		{0F823B49-2396-40F6-B17D-0E40DB14BA88}.Debug|x64.Build.0 = Debug|x64
		{0F823B49-2396-40F6-B17D-0E40DB14BA88}.Debug|x86.ActiveCfg = Debug|x86
		{0F823B49-2396-40F6-B17D-0E40DB14BA88}.Debug|x86.Build.0 = Debug|x86
		{0F823B49-2396-40F6-B17D-0E40DB14BA88}.Release|Any CPU.ActiveCfg = Release|Any CPU
		{0F823B49-2396-40F6-B17D-0E40DB14BA88}.Release|Any CPU.Build.0 = Release|Any CPU
		{0F823B49-2396-40F6-B17D-0E40DB14BA88}.Release|ARM.ActiveCfg = Release|ARM
		{0F823B49-2396-40F6-B17D-0E40DB14BA88}.Release|ARM.Build.0 = Release|ARM
		{0F823B49-2396-40F6-B17D-0E40DB14BA88}.Release|arm64.ActiveCfg = Release|ARM64
		{0F823B49-2396-40F6-B17D-0E40DB14BA88}.Release|arm64.Build.0 = Release|ARM64
		{0F823B49-2396-40F6-B17D-0E40DB14BA88}.Release|x64.ActiveCfg = Release|x64
		{0F823B49-2396-40F6-B17D-0E40DB14BA88}.Release|x64.Build.0 = Release|x64
		{0F823B49-2396-40F6-B17D-0E40DB14BA88}.Release|x86.ActiveCfg = Release|x86
		{0F823B49-2396-40F6-B17D-0E40DB14BA88}.Release|x86.Build.0 = Release|x86
	EndGlobalSection
	GlobalSection(SolutionProperties) = preSolution
		HideSolutionNode = FALSE
	EndGlobalSection
	GlobalSection(NestedProjects) = preSolution
		{6E7558A6-B421-4686-9594-C00D85BD8973} = {4DF8BDED-0D40-41B9-8131-7D3ACDCE15FB}
		{4998A069-D37A-4066-8E6E-2C9134D9BB82} = {4DF8BDED-0D40-41B9-8131-7D3ACDCE15FB}
		{0218DF07-7528-4246-AF08-DEC4D07EB195} = {6279EFC1-1FC7-476E-81E0-1563AAEE69C2}
		{5B2B9F68-647B-4C93-886E-FFD590B7348C} = {C3F9218F-FA5B-4FE7-A53A-00C1DC0C080F}
		{350FDDB0-0395-4467-82BF-86D7DAD16912} = {C3F9218F-FA5B-4FE7-A53A-00C1DC0C080F}
		{0F823B49-2396-40F6-B17D-0E40DB14BA88} = {6279EFC1-1FC7-476E-81E0-1563AAEE69C2}
	EndGlobalSection
	GlobalSection(ExtensibilityGlobals) = postSolution
		SolutionGuid = {A19D0023-F8EC-4938-A3D2-AB76D3A3AAE6}
	EndGlobalSection
EndGlobal
