
Microsoft Visual Studio Solution File, Format Version 12.00
# Visual Studio Version 16
VisualStudioVersion = 16.0.31321.278
MinimumVisualStudioVersion = 10.0.40219.1
Project("{C7167F0D-BC9F-4E6E-AFE1-012C56B48DB5}") = "App1 (Package)", "App1\App1 (Package)\App1 (Package).wapproj", "{6E7558A6-B421-4686-9594-C00D85BD8973}"
EndProject
Project("{9A19103F-16F7-4668-BE54-9A1E7A4F7556}") = "App1", "App1\App1\App1.csproj", "{4998A069-D37A-4066-8E6E-2C9134D9BB82}"
EndProject
Project("{FAE04EC0-301F-11D3-BF4B-00C04F79EFBC}") = "UWPApp", "UWPApp\UWPApp.csproj", "{0218DF07-7528-4246-AF08-DEC4D07EB195}"
EndProject
Project("{9A19103F-16F7-4668-BE54-9A1E7A4F7556}") = "WinFormsApp1", "WinFormsApp1\WinFormsApp1.csproj", "{5B2B9F68-647B-4C93-886E-FFD590B7348C}"
EndProject
Project("{FAE04EC0-301F-11D3-BF4B-00C04F79EFBC}") = "WindowsService1", "WindowsService1\WindowsService1.csproj", "{350FDDB0-0395-4467-82BF-86D7DAD16912}"
EndProject
Project("{FAE04EC0-301F-11D3-BF4B-00C04F79EFBC}") = "MyWRC", "MyWRC\MyWRC.csproj", "{0F823B49-2396-40F6-B17D-0E40DB14BA88}"
EndProject
Project("{2150E333-8FDC-42A3-9474-1A3956D46DE8}") = "winui3", "winui3", "{4DF8BDED-0D40-41B9-8131-7D3ACDCE15FB}"
EndProject
Project("{2150E333-8FDC-42A3-9474-1A3956D46DE8}") = "uwp", "uwp", "{6279EFC1-1FC7-476E-81E0-1563AAEE69C2}"
EndProject
Project("{2150E333-8FDC-42A3-9474-1A3956D46DE8}") = "try_block_shutdown", "try_block_shutdown", "{C3F9218F-FA5B-4FE7-A53A-00C1DC0C080F}"
EndProject
Project("{FAE04EC0-301F-11D3-BF4B-00C04F79EFBC}") = "AppServiceProvider", "AppServiceProvider\AppServiceProvider.csproj", "{52842112-7860-4042-BFB2-ADA8B9454D4C}"
EndProject
Project("{2150E333-8FDC-42A3-9474-1A3956D46DE8}") = "algorithms", "algorithms", "{7295219B-D5A4-40A6-8176-D2E7301D29CB}"
EndProject
Project("{9A19103F-16F7-4668-BE54-9A1E7A4F7556}") = "Astar", "AStar\Astar.csproj", "{B02F595F-C202-4082-9506-61B649D32CE5}"
EndProject
Project("{9A19103F-16F7-4668-BE54-9A1E7A4F7556}") = "BTree", "BTree\BTree.csproj", "{EB27763E-DE7F-40D1-ACA6-D1C4408FEF3E}"
EndProject
Project("{9A19103F-16F7-4668-BE54-9A1E7A4F7556}") = "MarkovChain", "MarkovChain\MarkovChain.csproj", "{43C95470-42FC-438F-9382-F57D4C58BE32}"
EndProject
Project("{2150E333-8FDC-42A3-9474-1A3956D46DE8}") = "test", "test", "{C8C1684D-2955-439A-BA05-5C4550F836FE}"
EndProject
Project("{2150E333-8FDC-42A3-9474-1A3956D46DE8}") = "apps", "apps", "{4A79EF02-D2D6-41B3-9FCC-14E0B107D44A}"
EndProject
Project("{FAE04EC0-301F-11D3-BF4B-00C04F79EFBC}") = "DellSetupAssistant", "DellSetupAssistant\DellSetupAssistant.csproj", "{3141076E-51C3-4F90-9C4E-BD83731989E2}"
EndProject
Project("{9A19103F-16F7-4668-BE54-9A1E7A4F7556}") = "RedisTester", "RedisTester\RedisTester.csproj", "{1F6AEB94-0BB1-4293-A1F3-028ED052B7D6}"
EndProject
Project("{2150E333-8FDC-42A3-9474-1A3956D46DE8}") = "signalR", "signalR", "{B6579F43-125D-4F78-8426-504711002FC7}"
EndProject
Project("{9A19103F-16F7-4668-BE54-9A1E7A4F7556}") = "signalRClient", "signalRClient\signalRClient.csproj", "{044958A3-2926-4F06-A9B0-4373CD009152}"
EndProject
Project("{FAE04EC0-301F-11D3-BF4B-00C04F79EFBC}") = "signalRServer", "signalRServer\signalRServer.csproj", "{00B59722-29B3-4F1C-8A59-C7D205194C82}"
EndProject
Project("{FAE04EC0-301F-11D3-BF4B-00C04F79EFBC}") = "SnipTool", "SnipTool\SnipTool.csproj", "{314C4E32-9763-4221-8C8C-030A732101EE}"
EndProject
Project("{2150E333-8FDC-42A3-9474-1A3956D46DE8}") = "libs", "libs", "{6416AC37-204C-4F96-9699-C05FB00A008E}"
EndProject
Project("{FAE04EC0-301F-11D3-BF4B-00C04F79EFBC}") = "WindowsAPI", "WindowsAPI\WindowsAPI.csproj", "{88930174-5529-4C47-B283-7B3732F82291}"
EndProject
Project("{2150E333-8FDC-42A3-9474-1A3956D46DE8}") = "azure", "azure", "{D9377463-89B7-46A6-9C0D-0AB9FA49EE33}"
EndProject
Project("{CC5FD16D-436D-48AD-A40C-5A424C6E3E79}") = "AzureCloudServiceTest", "AzureCloudServiceTest\AzureCloudServiceTest.ccproj", "{3F3B5E1C-63FF-4F2B-8B95-71D61218CE94}"
EndProject
Project("{FAE04EC0-301F-11D3-BF4B-00C04F79EFBC}") = "WCFServiceWebRole1", "WCFServiceWebRole1\WCFServiceWebRole1.csproj", "{0014C673-4D6C-4556-9211-9565B0271E94}"
EndProject
Project("{FAE04EC0-301F-11D3-BF4B-00C04F79EFBC}") = "WorkerRole1", "WorkerRole1\WorkerRole1.csproj", "{BCF35453-C453-47B0-BC23-CBE48325621B}"
EndProject
Global
	GlobalSection(SolutionConfigurationPlatforms) = preSolution
		Debug|Any CPU = Debug|Any CPU
		Debug|ARM = Debug|ARM
		Debug|arm64 = Debug|arm64
		Debug|x64 = Debug|x64
		Debug|x86 = Debug|x86
		Release|Any CPU = Release|Any CPU
		Release|ARM = Release|ARM
		Release|arm64 = Release|arm64
		Release|x64 = Release|x64
		Release|x86 = Release|x86
	EndGlobalSection
	GlobalSection(ProjectConfigurationPlatforms) = postSolution
		{6E7558A6-B421-4686-9594-C00D85BD8973}.Debug|Any CPU.ActiveCfg = Debug|x86
		{6E7558A6-B421-4686-9594-C00D85BD8973}.Debug|ARM.ActiveCfg = Debug|x86
		{6E7558A6-B421-4686-9594-C00D85BD8973}.Debug|arm64.ActiveCfg = Debug|arm64
		{6E7558A6-B421-4686-9594-C00D85BD8973}.Debug|arm64.Build.0 = Debug|arm64
		{6E7558A6-B421-4686-9594-C00D85BD8973}.Debug|arm64.Deploy.0 = Debug|arm64
		{6E7558A6-B421-4686-9594-C00D85BD8973}.Debug|x64.ActiveCfg = Debug|x64
		{6E7558A6-B421-4686-9594-C00D85BD8973}.Debug|x64.Build.0 = Debug|x64
		{6E7558A6-B421-4686-9594-C00D85BD8973}.Debug|x64.Deploy.0 = Debug|x64
		{6E7558A6-B421-4686-9594-C00D85BD8973}.Debug|x86.ActiveCfg = Debug|x86
		{6E7558A6-B421-4686-9594-C00D85BD8973}.Debug|x86.Build.0 = Debug|x86
		{6E7558A6-B421-4686-9594-C00D85BD8973}.Debug|x86.Deploy.0 = Debug|x86
		{6E7558A6-B421-4686-9594-C00D85BD8973}.Release|Any CPU.ActiveCfg = Release|x86
		{6E7558A6-B421-4686-9594-C00D85BD8973}.Release|ARM.ActiveCfg = Release|x86
		{6E7558A6-B421-4686-9594-C00D85BD8973}.Release|arm64.ActiveCfg = Release|arm64
		{6E7558A6-B421-4686-9594-C00D85BD8973}.Release|arm64.Build.0 = Release|arm64
		{6E7558A6-B421-4686-9594-C00D85BD8973}.Release|arm64.Deploy.0 = Release|arm64
		{6E7558A6-B421-4686-9594-C00D85BD8973}.Release|x64.ActiveCfg = Release|x64
		{6E7558A6-B421-4686-9594-C00D85BD8973}.Release|x64.Build.0 = Release|x64
		{6E7558A6-B421-4686-9594-C00D85BD8973}.Release|x64.Deploy.0 = Release|x64
		{6E7558A6-B421-4686-9594-C00D85BD8973}.Release|x86.ActiveCfg = Release|x86
		{6E7558A6-B421-4686-9594-C00D85BD8973}.Release|x86.Build.0 = Release|x86
		{6E7558A6-B421-4686-9594-C00D85BD8973}.Release|x86.Deploy.0 = Release|x86
		{4998A069-D37A-4066-8E6E-2C9134D9BB82}.Debug|Any CPU.ActiveCfg = Debug|x86
		{4998A069-D37A-4066-8E6E-2C9134D9BB82}.Debug|ARM.ActiveCfg = Debug|x86
		{4998A069-D37A-4066-8E6E-2C9134D9BB82}.Debug|arm64.ActiveCfg = Debug|arm64
		{4998A069-D37A-4066-8E6E-2C9134D9BB82}.Debug|arm64.Build.0 = Debug|arm64
		{4998A069-D37A-4066-8E6E-2C9134D9BB82}.Debug|x64.ActiveCfg = Debug|x64
		{4998A069-D37A-4066-8E6E-2C9134D9BB82}.Debug|x64.Build.0 = Debug|x64
		{4998A069-D37A-4066-8E6E-2C9134D9BB82}.Debug|x86.ActiveCfg = Debug|x86
		{4998A069-D37A-4066-8E6E-2C9134D9BB82}.Debug|x86.Build.0 = Debug|x86
		{4998A069-D37A-4066-8E6E-2C9134D9BB82}.Release|Any CPU.ActiveCfg = Release|x86
		{4998A069-D37A-4066-8E6E-2C9134D9BB82}.Release|ARM.ActiveCfg = Release|x86
		{4998A069-D37A-4066-8E6E-2C9134D9BB82}.Release|arm64.ActiveCfg = Release|arm64
		{4998A069-D37A-4066-8E6E-2C9134D9BB82}.Release|arm64.Build.0 = Release|arm64
		{4998A069-D37A-4066-8E6E-2C9134D9BB82}.Release|x64.ActiveCfg = Release|x64
		{4998A069-D37A-4066-8E6E-2C9134D9BB82}.Release|x64.Build.0 = Release|x64
		{4998A069-D37A-4066-8E6E-2C9134D9BB82}.Release|x86.ActiveCfg = Release|x86
		{4998A069-D37A-4066-8E6E-2C9134D9BB82}.Release|x86.Build.0 = Release|x86
		{0218DF07-7528-4246-AF08-DEC4D07EB195}.Debug|Any CPU.ActiveCfg = Debug|x86
		{0218DF07-7528-4246-AF08-DEC4D07EB195}.Debug|ARM.ActiveCfg = Debug|ARM
		{0218DF07-7528-4246-AF08-DEC4D07EB195}.Debug|ARM.Build.0 = Debug|ARM
		{0218DF07-7528-4246-AF08-DEC4D07EB195}.Debug|ARM.Deploy.0 = Debug|ARM
		{0218DF07-7528-4246-AF08-DEC4D07EB195}.Debug|arm64.ActiveCfg = Debug|ARM64
		{0218DF07-7528-4246-AF08-DEC4D07EB195}.Debug|arm64.Build.0 = Debug|ARM64
		{0218DF07-7528-4246-AF08-DEC4D07EB195}.Debug|arm64.Deploy.0 = Debug|ARM64
		{0218DF07-7528-4246-AF08-DEC4D07EB195}.Debug|x64.ActiveCfg = Debug|x64
		{0218DF07-7528-4246-AF08-DEC4D07EB195}.Debug|x64.Build.0 = Debug|x64
		{0218DF07-7528-4246-AF08-DEC4D07EB195}.Debug|x64.Deploy.0 = Debug|x64
		{0218DF07-7528-4246-AF08-DEC4D07EB195}.Debug|x86.ActiveCfg = Debug|x86
		{0218DF07-7528-4246-AF08-DEC4D07EB195}.Debug|x86.Build.0 = Debug|x86
		{0218DF07-7528-4246-AF08-DEC4D07EB195}.Debug|x86.Deploy.0 = Debug|x86
		{0218DF07-7528-4246-AF08-DEC4D07EB195}.Release|Any CPU.ActiveCfg = Release|x86
		{0218DF07-7528-4246-AF08-DEC4D07EB195}.Release|ARM.ActiveCfg = Release|ARM
		{0218DF07-7528-4246-AF08-DEC4D07EB195}.Release|ARM.Build.0 = Release|ARM
		{0218DF07-7528-4246-AF08-DEC4D07EB195}.Release|ARM.Deploy.0 = Release|ARM
		{0218DF07-7528-4246-AF08-DEC4D07EB195}.Release|arm64.ActiveCfg = Release|ARM64
		{0218DF07-7528-4246-AF08-DEC4D07EB195}.Release|arm64.Build.0 = Release|ARM64
		{0218DF07-7528-4246-AF08-DEC4D07EB195}.Release|arm64.Deploy.0 = Release|ARM64
		{0218DF07-7528-4246-AF08-DEC4D07EB195}.Release|x64.ActiveCfg = Release|x64
		{0218DF07-7528-4246-AF08-DEC4D07EB195}.Release|x64.Build.0 = Release|x64
		{0218DF07-7528-4246-AF08-DEC4D07EB195}.Release|x64.Deploy.0 = Release|x64
		{0218DF07-7528-4246-AF08-DEC4D07EB195}.Release|x86.ActiveCfg = Release|x86
		{0218DF07-7528-4246-AF08-DEC4D07EB195}.Release|x86.Build.0 = Release|x86
		{0218DF07-7528-4246-AF08-DEC4D07EB195}.Release|x86.Deploy.0 = Release|x86
		{5B2B9F68-647B-4C93-886E-FFD590B7348C}.Debug|Any CPU.ActiveCfg = Debug|Any CPU
		{5B2B9F68-647B-4C93-886E-FFD590B7348C}.Debug|Any CPU.Build.0 = Debug|Any CPU
		{5B2B9F68-647B-4C93-886E-FFD590B7348C}.Debug|ARM.ActiveCfg = Debug|Any CPU
		{5B2B9F68-647B-4C93-886E-FFD590B7348C}.Debug|ARM.Build.0 = Debug|Any CPU
		{5B2B9F68-647B-4C93-886E-FFD590B7348C}.Debug|arm64.ActiveCfg = Debug|Any CPU
		{5B2B9F68-647B-4C93-886E-FFD590B7348C}.Debug|arm64.Build.0 = Debug|Any CPU
		{5B2B9F68-647B-4C93-886E-FFD590B7348C}.Debug|x64.ActiveCfg = Debug|Any CPU
		{5B2B9F68-647B-4C93-886E-FFD590B7348C}.Debug|x64.Build.0 = Debug|Any CPU
		{5B2B9F68-647B-4C93-886E-FFD590B7348C}.Debug|x86.ActiveCfg = Debug|Any CPU
		{5B2B9F68-647B-4C93-886E-FFD590B7348C}.Debug|x86.Build.0 = Debug|Any CPU
		{5B2B9F68-647B-4C93-886E-FFD590B7348C}.Release|Any CPU.ActiveCfg = Release|Any CPU
		{5B2B9F68-647B-4C93-886E-FFD590B7348C}.Release|Any CPU.Build.0 = Release|Any CPU
		{5B2B9F68-647B-4C93-886E-FFD590B7348C}.Release|ARM.ActiveCfg = Release|Any CPU
		{5B2B9F68-647B-4C93-886E-FFD590B7348C}.Release|ARM.Build.0 = Release|Any CPU
		{5B2B9F68-647B-4C93-886E-FFD590B7348C}.Release|arm64.ActiveCfg = Release|Any CPU
		{5B2B9F68-647B-4C93-886E-FFD590B7348C}.Release|arm64.Build.0 = Release|Any CPU
		{5B2B9F68-647B-4C93-886E-FFD590B7348C}.Release|x64.ActiveCfg = Release|Any CPU
		{5B2B9F68-647B-4C93-886E-FFD590B7348C}.Release|x64.Build.0 = Release|Any CPU
		{5B2B9F68-647B-4C93-886E-FFD590B7348C}.Release|x86.ActiveCfg = Release|Any CPU
		{5B2B9F68-647B-4C93-886E-FFD590B7348C}.Release|x86.Build.0 = Release|Any CPU
		{350FDDB0-0395-4467-82BF-86D7DAD16912}.Debug|Any CPU.ActiveCfg = Debug|Any CPU
		{350FDDB0-0395-4467-82BF-86D7DAD16912}.Debug|Any CPU.Build.0 = Debug|Any CPU
		{350FDDB0-0395-4467-82BF-86D7DAD16912}.Debug|ARM.ActiveCfg = Debug|Any CPU
		{350FDDB0-0395-4467-82BF-86D7DAD16912}.Debug|ARM.Build.0 = Debug|Any CPU
		{350FDDB0-0395-4467-82BF-86D7DAD16912}.Debug|arm64.ActiveCfg = Debug|Any CPU
		{350FDDB0-0395-4467-82BF-86D7DAD16912}.Debug|arm64.Build.0 = Debug|Any CPU
		{350FDDB0-0395-4467-82BF-86D7DAD16912}.Debug|x64.ActiveCfg = Debug|Any CPU
		{350FDDB0-0395-4467-82BF-86D7DAD16912}.Debug|x64.Build.0 = Debug|Any CPU
		{350FDDB0-0395-4467-82BF-86D7DAD16912}.Debug|x86.ActiveCfg = Debug|Any CPU
		{350FDDB0-0395-4467-82BF-86D7DAD16912}.Debug|x86.Build.0 = Debug|Any CPU
		{350FDDB0-0395-4467-82BF-86D7DAD16912}.Release|Any CPU.ActiveCfg = Release|Any CPU
		{350FDDB0-0395-4467-82BF-86D7DAD16912}.Release|Any CPU.Build.0 = Release|Any CPU
		{350FDDB0-0395-4467-82BF-86D7DAD16912}.Release|ARM.ActiveCfg = Release|Any CPU
		{350FDDB0-0395-4467-82BF-86D7DAD16912}.Release|ARM.Build.0 = Release|Any CPU
		{350FDDB0-0395-4467-82BF-86D7DAD16912}.Release|arm64.ActiveCfg = Release|Any CPU
		{350FDDB0-0395-4467-82BF-86D7DAD16912}.Release|arm64.Build.0 = Release|Any CPU
		{350FDDB0-0395-4467-82BF-86D7DAD16912}.Release|x64.ActiveCfg = Release|Any CPU
		{350FDDB0-0395-4467-82BF-86D7DAD16912}.Release|x64.Build.0 = Release|Any CPU
		{350FDDB0-0395-4467-82BF-86D7DAD16912}.Release|x86.ActiveCfg = Release|Any CPU
		{350FDDB0-0395-4467-82BF-86D7DAD16912}.Release|x86.Build.0 = Release|Any CPU
		{0F823B49-2396-40F6-B17D-0E40DB14BA88}.Debug|Any CPU.ActiveCfg = Debug|Any CPU
		{0F823B49-2396-40F6-B17D-0E40DB14BA88}.Debug|Any CPU.Build.0 = Debug|Any CPU
		{0F823B49-2396-40F6-B17D-0E40DB14BA88}.Debug|ARM.ActiveCfg = Debug|ARM
		{0F823B49-2396-40F6-B17D-0E40DB14BA88}.Debug|ARM.Build.0 = Debug|ARM
		{0F823B49-2396-40F6-B17D-0E40DB14BA88}.Debug|arm64.ActiveCfg = Debug|ARM64
		{0F823B49-2396-40F6-B17D-0E40DB14BA88}.Debug|arm64.Build.0 = Debug|ARM64
		{0F823B49-2396-40F6-B17D-0E40DB14BA88}.Debug|x64.ActiveCfg = Debug|x64
		{0F823B49-2396-40F6-B17D-0E40DB14BA88}.Debug|x64.Build.0 = Debug|x64
		{0F823B49-2396-40F6-B17D-0E40DB14BA88}.Debug|x86.ActiveCfg = Debug|x86
		{0F823B49-2396-40F6-B17D-0E40DB14BA88}.Debug|x86.Build.0 = Debug|x86
		{0F823B49-2396-40F6-B17D-0E40DB14BA88}.Release|Any CPU.ActiveCfg = Release|Any CPU
		{0F823B49-2396-40F6-B17D-0E40DB14BA88}.Release|Any CPU.Build.0 = Release|Any CPU
		{0F823B49-2396-40F6-B17D-0E40DB14BA88}.Release|ARM.ActiveCfg = Release|ARM
		{0F823B49-2396-40F6-B17D-0E40DB14BA88}.Release|ARM.Build.0 = Release|ARM
		{0F823B49-2396-40F6-B17D-0E40DB14BA88}.Release|arm64.ActiveCfg = Release|ARM64
		{0F823B49-2396-40F6-B17D-0E40DB14BA88}.Release|arm64.Build.0 = Release|ARM64
		{0F823B49-2396-40F6-B17D-0E40DB14BA88}.Release|x64.ActiveCfg = Release|x64
		{0F823B49-2396-40F6-B17D-0E40DB14BA88}.Release|x64.Build.0 = Release|x64
		{0F823B49-2396-40F6-B17D-0E40DB14BA88}.Release|x86.ActiveCfg = Release|x86
		{0F823B49-2396-40F6-B17D-0E40DB14BA88}.Release|x86.Build.0 = Release|x86
		{52842112-7860-4042-BFB2-ADA8B9454D4C}.Debug|Any CPU.ActiveCfg = Debug|x86
		{52842112-7860-4042-BFB2-ADA8B9454D4C}.Debug|ARM.ActiveCfg = Debug|ARM
		{52842112-7860-4042-BFB2-ADA8B9454D4C}.Debug|ARM.Build.0 = Debug|ARM
		{52842112-7860-4042-BFB2-ADA8B9454D4C}.Debug|ARM.Deploy.0 = Debug|ARM
		{52842112-7860-4042-BFB2-ADA8B9454D4C}.Debug|arm64.ActiveCfg = Debug|ARM64
		{52842112-7860-4042-BFB2-ADA8B9454D4C}.Debug|arm64.Build.0 = Debug|ARM64
		{52842112-7860-4042-BFB2-ADA8B9454D4C}.Debug|arm64.Deploy.0 = Debug|ARM64
		{52842112-7860-4042-BFB2-ADA8B9454D4C}.Debug|x64.ActiveCfg = Debug|x64
		{52842112-7860-4042-BFB2-ADA8B9454D4C}.Debug|x64.Build.0 = Debug|x64
		{52842112-7860-4042-BFB2-ADA8B9454D4C}.Debug|x64.Deploy.0 = Debug|x64
		{52842112-7860-4042-BFB2-ADA8B9454D4C}.Debug|x86.ActiveCfg = Debug|x86
		{52842112-7860-4042-BFB2-ADA8B9454D4C}.Debug|x86.Build.0 = Debug|x86
		{52842112-7860-4042-BFB2-ADA8B9454D4C}.Debug|x86.Deploy.0 = Debug|x86
		{52842112-7860-4042-BFB2-ADA8B9454D4C}.Release|Any CPU.ActiveCfg = Release|x86
		{52842112-7860-4042-BFB2-ADA8B9454D4C}.Release|ARM.ActiveCfg = Release|ARM
		{52842112-7860-4042-BFB2-ADA8B9454D4C}.Release|ARM.Build.0 = Release|ARM
		{52842112-7860-4042-BFB2-ADA8B9454D4C}.Release|ARM.Deploy.0 = Release|ARM
		{52842112-7860-4042-BFB2-ADA8B9454D4C}.Release|arm64.ActiveCfg = Release|ARM64
		{52842112-7860-4042-BFB2-ADA8B9454D4C}.Release|arm64.Build.0 = Release|ARM64
		{52842112-7860-4042-BFB2-ADA8B9454D4C}.Release|arm64.Deploy.0 = Release|ARM64
		{52842112-7860-4042-BFB2-ADA8B9454D4C}.Release|x64.ActiveCfg = Release|x64
		{52842112-7860-4042-BFB2-ADA8B9454D4C}.Release|x64.Build.0 = Release|x64
		{52842112-7860-4042-BFB2-ADA8B9454D4C}.Release|x64.Deploy.0 = Release|x64
		{52842112-7860-4042-BFB2-ADA8B9454D4C}.Release|x86.ActiveCfg = Release|x86
		{52842112-7860-4042-BFB2-ADA8B9454D4C}.Release|x86.Build.0 = Release|x86
		{52842112-7860-4042-BFB2-ADA8B9454D4C}.Release|x86.Deploy.0 = Release|x86
		{B02F595F-C202-4082-9506-61B649D32CE5}.Debug|Any CPU.ActiveCfg = Debug|Any CPU
		{B02F595F-C202-4082-9506-61B649D32CE5}.Debug|Any CPU.Build.0 = Debug|Any CPU
		{B02F595F-C202-4082-9506-61B649D32CE5}.Debug|ARM.ActiveCfg = Debug|Any CPU
		{B02F595F-C202-4082-9506-61B649D32CE5}.Debug|ARM.Build.0 = Debug|Any CPU
		{B02F595F-C202-4082-9506-61B649D32CE5}.Debug|arm64.ActiveCfg = Debug|Any CPU
		{B02F595F-C202-4082-9506-61B649D32CE5}.Debug|arm64.Build.0 = Debug|Any CPU
		{B02F595F-C202-4082-9506-61B649D32CE5}.Debug|x64.ActiveCfg = Debug|Any CPU
		{B02F595F-C202-4082-9506-61B649D32CE5}.Debug|x64.Build.0 = Debug|Any CPU
		{B02F595F-C202-4082-9506-61B649D32CE5}.Debug|x86.ActiveCfg = Debug|Any CPU
		{B02F595F-C202-4082-9506-61B649D32CE5}.Debug|x86.Build.0 = Debug|Any CPU
		{B02F595F-C202-4082-9506-61B649D32CE5}.Release|Any CPU.ActiveCfg = Release|Any CPU
		{B02F595F-C202-4082-9506-61B649D32CE5}.Release|Any CPU.Build.0 = Release|Any CPU
		{B02F595F-C202-4082-9506-61B649D32CE5}.Release|ARM.ActiveCfg = Release|Any CPU
		{B02F595F-C202-4082-9506-61B649D32CE5}.Release|ARM.Build.0 = Release|Any CPU
		{B02F595F-C202-4082-9506-61B649D32CE5}.Release|arm64.ActiveCfg = Release|Any CPU
		{B02F595F-C202-4082-9506-61B649D32CE5}.Release|arm64.Build.0 = Release|Any CPU
		{B02F595F-C202-4082-9506-61B649D32CE5}.Release|x64.ActiveCfg = Release|Any CPU
		{B02F595F-C202-4082-9506-61B649D32CE5}.Release|x64.Build.0 = Release|Any CPU
		{B02F595F-C202-4082-9506-61B649D32CE5}.Release|x86.ActiveCfg = Release|Any CPU
		{B02F595F-C202-4082-9506-61B649D32CE5}.Release|x86.Build.0 = Release|Any CPU
		{EB27763E-DE7F-40D1-ACA6-D1C4408FEF3E}.Debug|Any CPU.ActiveCfg = Debug|Any CPU
		{EB27763E-DE7F-40D1-ACA6-D1C4408FEF3E}.Debug|Any CPU.Build.0 = Debug|Any CPU
		{EB27763E-DE7F-40D1-ACA6-D1C4408FEF3E}.Debug|ARM.ActiveCfg = Debug|Any CPU
		{EB27763E-DE7F-40D1-ACA6-D1C4408FEF3E}.Debug|ARM.Build.0 = Debug|Any CPU
		{EB27763E-DE7F-40D1-ACA6-D1C4408FEF3E}.Debug|arm64.ActiveCfg = Debug|Any CPU
		{EB27763E-DE7F-40D1-ACA6-D1C4408FEF3E}.Debug|arm64.Build.0 = Debug|Any CPU
		{EB27763E-DE7F-40D1-ACA6-D1C4408FEF3E}.Debug|x64.ActiveCfg = Debug|Any CPU
		{EB27763E-DE7F-40D1-ACA6-D1C4408FEF3E}.Debug|x64.Build.0 = Debug|Any CPU
		{EB27763E-DE7F-40D1-ACA6-D1C4408FEF3E}.Debug|x86.ActiveCfg = Debug|Any CPU
		{EB27763E-DE7F-40D1-ACA6-D1C4408FEF3E}.Debug|x86.Build.0 = Debug|Any CPU
		{EB27763E-DE7F-40D1-ACA6-D1C4408FEF3E}.Release|Any CPU.ActiveCfg = Release|Any CPU
		{EB27763E-DE7F-40D1-ACA6-D1C4408FEF3E}.Release|Any CPU.Build.0 = Release|Any CPU
		{EB27763E-DE7F-40D1-ACA6-D1C4408FEF3E}.Release|ARM.ActiveCfg = Release|Any CPU
		{EB27763E-DE7F-40D1-ACA6-D1C4408FEF3E}.Release|ARM.Build.0 = Release|Any CPU
		{EB27763E-DE7F-40D1-ACA6-D1C4408FEF3E}.Release|arm64.ActiveCfg = Release|Any CPU
		{EB27763E-DE7F-40D1-ACA6-D1C4408FEF3E}.Release|arm64.Build.0 = Release|Any CPU
		{EB27763E-DE7F-40D1-ACA6-D1C4408FEF3E}.Release|x64.ActiveCfg = Release|Any CPU
		{EB27763E-DE7F-40D1-ACA6-D1C4408FEF3E}.Release|x64.Build.0 = Release|Any CPU
		{EB27763E-DE7F-40D1-ACA6-D1C4408FEF3E}.Release|x86.ActiveCfg = Release|Any CPU
		{EB27763E-DE7F-40D1-ACA6-D1C4408FEF3E}.Release|x86.Build.0 = Release|Any CPU
		{43C95470-42FC-438F-9382-F57D4C58BE32}.Debug|Any CPU.ActiveCfg = Debug|Any CPU
		{43C95470-42FC-438F-9382-F57D4C58BE32}.Debug|Any CPU.Build.0 = Debug|Any CPU
		{43C95470-42FC-438F-9382-F57D4C58BE32}.Debug|ARM.ActiveCfg = Debug|Any CPU
		{43C95470-42FC-438F-9382-F57D4C58BE32}.Debug|ARM.Build.0 = Debug|Any CPU
		{43C95470-42FC-438F-9382-F57D4C58BE32}.Debug|arm64.ActiveCfg = Debug|Any CPU
		{43C95470-42FC-438F-9382-F57D4C58BE32}.Debug|arm64.Build.0 = Debug|Any CPU
		{43C95470-42FC-438F-9382-F57D4C58BE32}.Debug|x64.ActiveCfg = Debug|Any CPU
		{43C95470-42FC-438F-9382-F57D4C58BE32}.Debug|x64.Build.0 = Debug|Any CPU
		{43C95470-42FC-438F-9382-F57D4C58BE32}.Debug|x86.ActiveCfg = Debug|Any CPU
		{43C95470-42FC-438F-9382-F57D4C58BE32}.Debug|x86.Build.0 = Debug|Any CPU
		{43C95470-42FC-438F-9382-F57D4C58BE32}.Release|Any CPU.ActiveCfg = Release|Any CPU
		{43C95470-42FC-438F-9382-F57D4C58BE32}.Release|Any CPU.Build.0 = Release|Any CPU
		{43C95470-42FC-438F-9382-F57D4C58BE32}.Release|ARM.ActiveCfg = Release|Any CPU
		{43C95470-42FC-438F-9382-F57D4C58BE32}.Release|ARM.Build.0 = Release|Any CPU
		{43C95470-42FC-438F-9382-F57D4C58BE32}.Release|arm64.ActiveCfg = Release|Any CPU
		{43C95470-42FC-438F-9382-F57D4C58BE32}.Release|arm64.Build.0 = Release|Any CPU
		{43C95470-42FC-438F-9382-F57D4C58BE32}.Release|x64.ActiveCfg = Release|Any CPU
		{43C95470-42FC-438F-9382-F57D4C58BE32}.Release|x64.Build.0 = Release|Any CPU
		{43C95470-42FC-438F-9382-F57D4C58BE32}.Release|x86.ActiveCfg = Release|Any CPU
		{43C95470-42FC-438F-9382-F57D4C58BE32}.Release|x86.Build.0 = Release|Any CPU
		{3141076E-51C3-4F90-9C4E-BD83731989E2}.Debug|Any CPU.ActiveCfg = Debug|Any CPU
		{3141076E-51C3-4F90-9C4E-BD83731989E2}.Debug|Any CPU.Build.0 = Debug|Any CPU
		{3141076E-51C3-4F90-9C4E-BD83731989E2}.Debug|ARM.ActiveCfg = Debug|Any CPU
		{3141076E-51C3-4F90-9C4E-BD83731989E2}.Debug|ARM.Build.0 = Debug|Any CPU
		{3141076E-51C3-4F90-9C4E-BD83731989E2}.Debug|arm64.ActiveCfg = Debug|Any CPU
		{3141076E-51C3-4F90-9C4E-BD83731989E2}.Debug|arm64.Build.0 = Debug|Any CPU
		{3141076E-51C3-4F90-9C4E-BD83731989E2}.Debug|x64.ActiveCfg = Debug|Any CPU
		{3141076E-51C3-4F90-9C4E-BD83731989E2}.Debug|x64.Build.0 = Debug|Any CPU
		{3141076E-51C3-4F90-9C4E-BD83731989E2}.Debug|x86.ActiveCfg = Debug|Any CPU
		{3141076E-51C3-4F90-9C4E-BD83731989E2}.Debug|x86.Build.0 = Debug|Any CPU
		{3141076E-51C3-4F90-9C4E-BD83731989E2}.Release|Any CPU.ActiveCfg = Release|Any CPU
		{3141076E-51C3-4F90-9C4E-BD83731989E2}.Release|Any CPU.Build.0 = Release|Any CPU
		{3141076E-51C3-4F90-9C4E-BD83731989E2}.Release|ARM.ActiveCfg = Release|Any CPU
		{3141076E-51C3-4F90-9C4E-BD83731989E2}.Release|ARM.Build.0 = Release|Any CPU
		{3141076E-51C3-4F90-9C4E-BD83731989E2}.Release|arm64.ActiveCfg = Release|Any CPU
		{3141076E-51C3-4F90-9C4E-BD83731989E2}.Release|arm64.Build.0 = Release|Any CPU
		{3141076E-51C3-4F90-9C4E-BD83731989E2}.Release|x64.ActiveCfg = Release|Any CPU
		{3141076E-51C3-4F90-9C4E-BD83731989E2}.Release|x64.Build.0 = Release|Any CPU
		{3141076E-51C3-4F90-9C4E-BD83731989E2}.Release|x86.ActiveCfg = Release|Any CPU
		{3141076E-51C3-4F90-9C4E-BD83731989E2}.Release|x86.Build.0 = Release|Any CPU
		{1F6AEB94-0BB1-4293-A1F3-028ED052B7D6}.Debug|Any CPU.ActiveCfg = Debug|Any CPU
		{1F6AEB94-0BB1-4293-A1F3-028ED052B7D6}.Debug|Any CPU.Build.0 = Debug|Any CPU
		{1F6AEB94-0BB1-4293-A1F3-028ED052B7D6}.Debug|ARM.ActiveCfg = Debug|Any CPU
		{1F6AEB94-0BB1-4293-A1F3-028ED052B7D6}.Debug|ARM.Build.0 = Debug|Any CPU
		{1F6AEB94-0BB1-4293-A1F3-028ED052B7D6}.Debug|arm64.ActiveCfg = Debug|Any CPU
		{1F6AEB94-0BB1-4293-A1F3-028ED052B7D6}.Debug|arm64.Build.0 = Debug|Any CPU
		{1F6AEB94-0BB1-4293-A1F3-028ED052B7D6}.Debug|x64.ActiveCfg = Debug|Any CPU
		{1F6AEB94-0BB1-4293-A1F3-028ED052B7D6}.Debug|x64.Build.0 = Debug|Any CPU
		{1F6AEB94-0BB1-4293-A1F3-028ED052B7D6}.Debug|x86.ActiveCfg = Debug|Any CPU
		{1F6AEB94-0BB1-4293-A1F3-028ED052B7D6}.Debug|x86.Build.0 = Debug|Any CPU
		{1F6AEB94-0BB1-4293-A1F3-028ED052B7D6}.Release|Any CPU.ActiveCfg = Release|Any CPU
		{1F6AEB94-0BB1-4293-A1F3-028ED052B7D6}.Release|Any CPU.Build.0 = Release|Any CPU
		{1F6AEB94-0BB1-4293-A1F3-028ED052B7D6}.Release|ARM.ActiveCfg = Release|Any CPU
		{1F6AEB94-0BB1-4293-A1F3-028ED052B7D6}.Release|ARM.Build.0 = Release|Any CPU
		{1F6AEB94-0BB1-4293-A1F3-028ED052B7D6}.Release|arm64.ActiveCfg = Release|Any CPU
		{1F6AEB94-0BB1-4293-A1F3-028ED052B7D6}.Release|arm64.Build.0 = Release|Any CPU
		{1F6AEB94-0BB1-4293-A1F3-028ED052B7D6}.Release|x64.ActiveCfg = Release|Any CPU
		{1F6AEB94-0BB1-4293-A1F3-028ED052B7D6}.Release|x64.Build.0 = Release|Any CPU
		{1F6AEB94-0BB1-4293-A1F3-028ED052B7D6}.Release|x86.ActiveCfg = Release|Any CPU
		{1F6AEB94-0BB1-4293-A1F3-028ED052B7D6}.Release|x86.Build.0 = Release|Any CPU
		{044958A3-2926-4F06-A9B0-4373CD009152}.Debug|Any CPU.ActiveCfg = Debug|Any CPU
		{044958A3-2926-4F06-A9B0-4373CD009152}.Debug|Any CPU.Build.0 = Debug|Any CPU
		{044958A3-2926-4F06-A9B0-4373CD009152}.Debug|ARM.ActiveCfg = Debug|Any CPU
		{044958A3-2926-4F06-A9B0-4373CD009152}.Debug|ARM.Build.0 = Debug|Any CPU
		{044958A3-2926-4F06-A9B0-4373CD009152}.Debug|arm64.ActiveCfg = Debug|Any CPU
		{044958A3-2926-4F06-A9B0-4373CD009152}.Debug|arm64.Build.0 = Debug|Any CPU
		{044958A3-2926-4F06-A9B0-4373CD009152}.Debug|x64.ActiveCfg = Debug|Any CPU
		{044958A3-2926-4F06-A9B0-4373CD009152}.Debug|x64.Build.0 = Debug|Any CPU
		{044958A3-2926-4F06-A9B0-4373CD009152}.Debug|x86.ActiveCfg = Debug|Any CPU
		{044958A3-2926-4F06-A9B0-4373CD009152}.Debug|x86.Build.0 = Debug|Any CPU
		{044958A3-2926-4F06-A9B0-4373CD009152}.Release|Any CPU.ActiveCfg = Release|Any CPU
		{044958A3-2926-4F06-A9B0-4373CD009152}.Release|Any CPU.Build.0 = Release|Any CPU
		{044958A3-2926-4F06-A9B0-4373CD009152}.Release|ARM.ActiveCfg = Release|Any CPU
		{044958A3-2926-4F06-A9B0-4373CD009152}.Release|ARM.Build.0 = Release|Any CPU
		{044958A3-2926-4F06-A9B0-4373CD009152}.Release|arm64.ActiveCfg = Release|Any CPU
		{044958A3-2926-4F06-A9B0-4373CD009152}.Release|arm64.Build.0 = Release|Any CPU
		{044958A3-2926-4F06-A9B0-4373CD009152}.Release|x64.ActiveCfg = Release|Any CPU
		{044958A3-2926-4F06-A9B0-4373CD009152}.Release|x64.Build.0 = Release|Any CPU
		{044958A3-2926-4F06-A9B0-4373CD009152}.Release|x86.ActiveCfg = Release|Any CPU
		{044958A3-2926-4F06-A9B0-4373CD009152}.Release|x86.Build.0 = Release|Any CPU
		{00B59722-29B3-4F1C-8A59-C7D205194C82}.Debug|Any CPU.ActiveCfg = Debug|Any CPU
		{00B59722-29B3-4F1C-8A59-C7D205194C82}.Debug|Any CPU.Build.0 = Debug|Any CPU
		{00B59722-29B3-4F1C-8A59-C7D205194C82}.Debug|ARM.ActiveCfg = Debug|Any CPU
		{00B59722-29B3-4F1C-8A59-C7D205194C82}.Debug|ARM.Build.0 = Debug|Any CPU
		{00B59722-29B3-4F1C-8A59-C7D205194C82}.Debug|arm64.ActiveCfg = Debug|Any CPU
		{00B59722-29B3-4F1C-8A59-C7D205194C82}.Debug|arm64.Build.0 = Debug|Any CPU
		{00B59722-29B3-4F1C-8A59-C7D205194C82}.Debug|x64.ActiveCfg = Debug|Any CPU
		{00B59722-29B3-4F1C-8A59-C7D205194C82}.Debug|x64.Build.0 = Debug|Any CPU
		{00B59722-29B3-4F1C-8A59-C7D205194C82}.Debug|x86.ActiveCfg = Debug|Any CPU
		{00B59722-29B3-4F1C-8A59-C7D205194C82}.Debug|x86.Build.0 = Debug|Any CPU
		{00B59722-29B3-4F1C-8A59-C7D205194C82}.Release|Any CPU.ActiveCfg = Release|Any CPU
		{00B59722-29B3-4F1C-8A59-C7D205194C82}.Release|Any CPU.Build.0 = Release|Any CPU
		{00B59722-29B3-4F1C-8A59-C7D205194C82}.Release|ARM.ActiveCfg = Release|Any CPU
		{00B59722-29B3-4F1C-8A59-C7D205194C82}.Release|ARM.Build.0 = Release|Any CPU
		{00B59722-29B3-4F1C-8A59-C7D205194C82}.Release|arm64.ActiveCfg = Release|Any CPU
		{00B59722-29B3-4F1C-8A59-C7D205194C82}.Release|arm64.Build.0 = Release|Any CPU
		{00B59722-29B3-4F1C-8A59-C7D205194C82}.Release|x64.ActiveCfg = Release|Any CPU
		{00B59722-29B3-4F1C-8A59-C7D205194C82}.Release|x64.Build.0 = Release|Any CPU
		{00B59722-29B3-4F1C-8A59-C7D205194C82}.Release|x86.ActiveCfg = Release|Any CPU
		{00B59722-29B3-4F1C-8A59-C7D205194C82}.Release|x86.Build.0 = Release|Any CPU
		{314C4E32-9763-4221-8C8C-030A732101EE}.Debug|Any CPU.ActiveCfg = Debug|Any CPU
		{314C4E32-9763-4221-8C8C-030A732101EE}.Debug|Any CPU.Build.0 = Debug|Any CPU
		{314C4E32-9763-4221-8C8C-030A732101EE}.Debug|ARM.ActiveCfg = Debug|Any CPU
		{314C4E32-9763-4221-8C8C-030A732101EE}.Debug|ARM.Build.0 = Debug|Any CPU
		{314C4E32-9763-4221-8C8C-030A732101EE}.Debug|arm64.ActiveCfg = Debug|Any CPU
		{314C4E32-9763-4221-8C8C-030A732101EE}.Debug|arm64.Build.0 = Debug|Any CPU
		{314C4E32-9763-4221-8C8C-030A732101EE}.Debug|x64.ActiveCfg = Debug|Any CPU
		{314C4E32-9763-4221-8C8C-030A732101EE}.Debug|x64.Build.0 = Debug|Any CPU
		{314C4E32-9763-4221-8C8C-030A732101EE}.Debug|x86.ActiveCfg = Debug|Any CPU
		{314C4E32-9763-4221-8C8C-030A732101EE}.Debug|x86.Build.0 = Debug|Any CPU
		{314C4E32-9763-4221-8C8C-030A732101EE}.Release|Any CPU.ActiveCfg = Release|Any CPU
		{314C4E32-9763-4221-8C8C-030A732101EE}.Release|Any CPU.Build.0 = Release|Any CPU
		{314C4E32-9763-4221-8C8C-030A732101EE}.Release|ARM.ActiveCfg = Release|Any CPU
		{314C4E32-9763-4221-8C8C-030A732101EE}.Release|ARM.Build.0 = Release|Any CPU
		{314C4E32-9763-4221-8C8C-030A732101EE}.Release|arm64.ActiveCfg = Release|Any CPU
		{314C4E32-9763-4221-8C8C-030A732101EE}.Release|arm64.Build.0 = Release|Any CPU
		{314C4E32-9763-4221-8C8C-030A732101EE}.Release|x64.ActiveCfg = Release|Any CPU
		{314C4E32-9763-4221-8C8C-030A732101EE}.Release|x64.Build.0 = Release|Any CPU
		{314C4E32-9763-4221-8C8C-030A732101EE}.Release|x86.ActiveCfg = Release|Any CPU
		{314C4E32-9763-4221-8C8C-030A732101EE}.Release|x86.Build.0 = Release|Any CPU
		{88930174-5529-4C47-B283-7B3732F82291}.Debug|Any CPU.ActiveCfg = Debug|Any CPU
		{88930174-5529-4C47-B283-7B3732F82291}.Debug|Any CPU.Build.0 = Debug|Any CPU
		{88930174-5529-4C47-B283-7B3732F82291}.Debug|ARM.ActiveCfg = Debug|Any CPU
		{88930174-5529-4C47-B283-7B3732F82291}.Debug|ARM.Build.0 = Debug|Any CPU
		{88930174-5529-4C47-B283-7B3732F82291}.Debug|arm64.ActiveCfg = Debug|Any CPU
		{88930174-5529-4C47-B283-7B3732F82291}.Debug|arm64.Build.0 = Debug|Any CPU
		{88930174-5529-4C47-B283-7B3732F82291}.Debug|x64.ActiveCfg = Debug|Any CPU
		{88930174-5529-4C47-B283-7B3732F82291}.Debug|x64.Build.0 = Debug|Any CPU
		{88930174-5529-4C47-B283-7B3732F82291}.Debug|x86.ActiveCfg = Debug|Any CPU
		{88930174-5529-4C47-B283-7B3732F82291}.Debug|x86.Build.0 = Debug|Any CPU
		{88930174-5529-4C47-B283-7B3732F82291}.Release|Any CPU.ActiveCfg = Release|Any CPU
		{88930174-5529-4C47-B283-7B3732F82291}.Release|Any CPU.Build.0 = Release|Any CPU
		{88930174-5529-4C47-B283-7B3732F82291}.Release|ARM.ActiveCfg = Release|Any CPU
		{88930174-5529-4C47-B283-7B3732F82291}.Release|ARM.Build.0 = Release|Any CPU
		{88930174-5529-4C47-B283-7B3732F82291}.Release|arm64.ActiveCfg = Release|Any CPU
		{88930174-5529-4C47-B283-7B3732F82291}.Release|arm64.Build.0 = Release|Any CPU
		{88930174-5529-4C47-B283-7B3732F82291}.Release|x64.ActiveCfg = Release|Any CPU
		{88930174-5529-4C47-B283-7B3732F82291}.Release|x64.Build.0 = Release|Any CPU
		{88930174-5529-4C47-B283-7B3732F82291}.Release|x86.ActiveCfg = Release|Any CPU
		{88930174-5529-4C47-B283-7B3732F82291}.Release|x86.Build.0 = Release|Any CPU
		{3F3B5E1C-63FF-4F2B-8B95-71D61218CE94}.Debug|Any CPU.ActiveCfg = Debug|Any CPU
		{3F3B5E1C-63FF-4F2B-8B95-71D61218CE94}.Debug|Any CPU.Build.0 = Debug|Any CPU
		{3F3B5E1C-63FF-4F2B-8B95-71D61218CE94}.Debug|ARM.ActiveCfg = Debug|Any CPU
		{3F3B5E1C-63FF-4F2B-8B95-71D61218CE94}.Debug|ARM.Build.0 = Debug|Any CPU
		{3F3B5E1C-63FF-4F2B-8B95-71D61218CE94}.Debug|arm64.ActiveCfg = Debug|Any CPU
		{3F3B5E1C-63FF-4F2B-8B95-71D61218CE94}.Debug|arm64.Build.0 = Debug|Any CPU
		{3F3B5E1C-63FF-4F2B-8B95-71D61218CE94}.Debug|x64.ActiveCfg = Debug|Any CPU
		{3F3B5E1C-63FF-4F2B-8B95-71D61218CE94}.Debug|x64.Build.0 = Debug|Any CPU
		{3F3B5E1C-63FF-4F2B-8B95-71D61218CE94}.Debug|x86.ActiveCfg = Debug|Any CPU
		{3F3B5E1C-63FF-4F2B-8B95-71D61218CE94}.Debug|x86.Build.0 = Debug|Any CPU
		{3F3B5E1C-63FF-4F2B-8B95-71D61218CE94}.Release|Any CPU.ActiveCfg = Release|Any CPU
		{3F3B5E1C-63FF-4F2B-8B95-71D61218CE94}.Release|Any CPU.Build.0 = Release|Any CPU
		{3F3B5E1C-63FF-4F2B-8B95-71D61218CE94}.Release|ARM.ActiveCfg = Release|Any CPU
		{3F3B5E1C-63FF-4F2B-8B95-71D61218CE94}.Release|ARM.Build.0 = Release|Any CPU
		{3F3B5E1C-63FF-4F2B-8B95-71D61218CE94}.Release|arm64.ActiveCfg = Release|Any CPU
		{3F3B5E1C-63FF-4F2B-8B95-71D61218CE94}.Release|arm64.Build.0 = Release|Any CPU
		{3F3B5E1C-63FF-4F2B-8B95-71D61218CE94}.Release|x64.ActiveCfg = Release|Any CPU
		{3F3B5E1C-63FF-4F2B-8B95-71D61218CE94}.Release|x64.Build.0 = Release|Any CPU
		{3F3B5E1C-63FF-4F2B-8B95-71D61218CE94}.Release|x86.ActiveCfg = Release|Any CPU
		{3F3B5E1C-63FF-4F2B-8B95-71D61218CE94}.Release|x86.Build.0 = Release|Any CPU
		{0014C673-4D6C-4556-9211-9565B0271E94}.Debug|Any CPU.ActiveCfg = Debug|Any CPU
		{0014C673-4D6C-4556-9211-9565B0271E94}.Debug|Any CPU.Build.0 = Debug|Any CPU
		{0014C673-4D6C-4556-9211-9565B0271E94}.Debug|ARM.ActiveCfg = Debug|Any CPU
		{0014C673-4D6C-4556-9211-9565B0271E94}.Debug|ARM.Build.0 = Debug|Any CPU
		{0014C673-4D6C-4556-9211-9565B0271E94}.Debug|arm64.ActiveCfg = Debug|Any CPU
		{0014C673-4D6C-4556-9211-9565B0271E94}.Debug|arm64.Build.0 = Debug|Any CPU
		{0014C673-4D6C-4556-9211-9565B0271E94}.Debug|x64.ActiveCfg = Debug|Any CPU
		{0014C673-4D6C-4556-9211-9565B0271E94}.Debug|x64.Build.0 = Debug|Any CPU
		{0014C673-4D6C-4556-9211-9565B0271E94}.Debug|x86.ActiveCfg = Debug|Any CPU
		{0014C673-4D6C-4556-9211-9565B0271E94}.Debug|x86.Build.0 = Debug|Any CPU
		{0014C673-4D6C-4556-9211-9565B0271E94}.Release|Any CPU.ActiveCfg = Release|Any CPU
		{0014C673-4D6C-4556-9211-9565B0271E94}.Release|Any CPU.Build.0 = Release|Any CPU
		{0014C673-4D6C-4556-9211-9565B0271E94}.Release|ARM.ActiveCfg = Release|Any CPU
		{0014C673-4D6C-4556-9211-9565B0271E94}.Release|ARM.Build.0 = Release|Any CPU
		{0014C673-4D6C-4556-9211-9565B0271E94}.Release|arm64.ActiveCfg = Release|Any CPU
		{0014C673-4D6C-4556-9211-9565B0271E94}.Release|arm64.Build.0 = Release|Any CPU
		{0014C673-4D6C-4556-9211-9565B0271E94}.Release|x64.ActiveCfg = Release|Any CPU
		{0014C673-4D6C-4556-9211-9565B0271E94}.Release|x64.Build.0 = Release|Any CPU
		{0014C673-4D6C-4556-9211-9565B0271E94}.Release|x86.ActiveCfg = Release|Any CPU
		{0014C673-4D6C-4556-9211-9565B0271E94}.Release|x86.Build.0 = Release|Any CPU
		{BCF35453-C453-47B0-BC23-CBE48325621B}.Debug|Any CPU.ActiveCfg = Debug|Any CPU
		{BCF35453-C453-47B0-BC23-CBE48325621B}.Debug|Any CPU.Build.0 = Debug|Any CPU
		{BCF35453-C453-47B0-BC23-CBE48325621B}.Debug|ARM.ActiveCfg = Debug|Any CPU
		{BCF35453-C453-47B0-BC23-CBE48325621B}.Debug|ARM.Build.0 = Debug|Any CPU
		{BCF35453-C453-47B0-BC23-CBE48325621B}.Debug|arm64.ActiveCfg = Debug|Any CPU
		{BCF35453-C453-47B0-BC23-CBE48325621B}.Debug|arm64.Build.0 = Debug|Any CPU
		{BCF35453-C453-47B0-BC23-CBE48325621B}.Debug|x64.ActiveCfg = Debug|Any CPU
		{BCF35453-C453-47B0-BC23-CBE48325621B}.Debug|x64.Build.0 = Debug|Any CPU
		{BCF35453-C453-47B0-BC23-CBE48325621B}.Debug|x86.ActiveCfg = Debug|Any CPU
		{BCF35453-C453-47B0-BC23-CBE48325621B}.Debug|x86.Build.0 = Debug|Any CPU
		{BCF35453-C453-47B0-BC23-CBE48325621B}.Release|Any CPU.ActiveCfg = Release|Any CPU
		{BCF35453-C453-47B0-BC23-CBE48325621B}.Release|Any CPU.Build.0 = Release|Any CPU
		{BCF35453-C453-47B0-BC23-CBE48325621B}.Release|ARM.ActiveCfg = Release|Any CPU
		{BCF35453-C453-47B0-BC23-CBE48325621B}.Release|ARM.Build.0 = Release|Any CPU
		{BCF35453-C453-47B0-BC23-CBE48325621B}.Release|arm64.ActiveCfg = Release|Any CPU
		{BCF35453-C453-47B0-BC23-CBE48325621B}.Release|arm64.Build.0 = Release|Any CPU
		{BCF35453-C453-47B0-BC23-CBE48325621B}.Release|x64.ActiveCfg = Release|Any CPU
		{BCF35453-C453-47B0-BC23-CBE48325621B}.Release|x64.Build.0 = Release|Any CPU
		{BCF35453-C453-47B0-BC23-CBE48325621B}.Release|x86.ActiveCfg = Release|Any CPU
		{BCF35453-C453-47B0-BC23-CBE48325621B}.Release|x86.Build.0 = Release|Any CPU
	EndGlobalSection
	GlobalSection(SolutionProperties) = preSolution
		HideSolutionNode = FALSE
	EndGlobalSection
	GlobalSection(NestedProjects) = preSolution
		{6E7558A6-B421-4686-9594-C00D85BD8973} = {4DF8BDED-0D40-41B9-8131-7D3ACDCE15FB}
		{4998A069-D37A-4066-8E6E-2C9134D9BB82} = {4DF8BDED-0D40-41B9-8131-7D3ACDCE15FB}
		{0218DF07-7528-4246-AF08-DEC4D07EB195} = {6279EFC1-1FC7-476E-81E0-1563AAEE69C2}
		{5B2B9F68-647B-4C93-886E-FFD590B7348C} = {C3F9218F-FA5B-4FE7-A53A-00C1DC0C080F}
		{350FDDB0-0395-4467-82BF-86D7DAD16912} = {C3F9218F-FA5B-4FE7-A53A-00C1DC0C080F}
		{0F823B49-2396-40F6-B17D-0E40DB14BA88} = {6279EFC1-1FC7-476E-81E0-1563AAEE69C2}
		{52842112-7860-4042-BFB2-ADA8B9454D4C} = {6279EFC1-1FC7-476E-81E0-1563AAEE69C2}
		{B02F595F-C202-4082-9506-61B649D32CE5} = {7295219B-D5A4-40A6-8176-D2E7301D29CB}
		{EB27763E-DE7F-40D1-ACA6-D1C4408FEF3E} = {7295219B-D5A4-40A6-8176-D2E7301D29CB}
		{43C95470-42FC-438F-9382-F57D4C58BE32} = {7295219B-D5A4-40A6-8176-D2E7301D29CB}
		{3141076E-51C3-4F90-9C4E-BD83731989E2} = {4A79EF02-D2D6-41B3-9FCC-14E0B107D44A}
		{1F6AEB94-0BB1-4293-A1F3-028ED052B7D6} = {C8C1684D-2955-439A-BA05-5C4550F836FE}
		{044958A3-2926-4F06-A9B0-4373CD009152} = {B6579F43-125D-4F78-8426-504711002FC7}
		{00B59722-29B3-4F1C-8A59-C7D205194C82} = {B6579F43-125D-4F78-8426-504711002FC7}
		{314C4E32-9763-4221-8C8C-030A732101EE} = {4A79EF02-D2D6-41B3-9FCC-14E0B107D44A}
		{88930174-5529-4C47-B283-7B3732F82291} = {6416AC37-204C-4F96-9699-C05FB00A008E}
		{3F3B5E1C-63FF-4F2B-8B95-71D61218CE94} = {D9377463-89B7-46A6-9C0D-0AB9FA49EE33}
		{0014C673-4D6C-4556-9211-9565B0271E94} = {D9377463-89B7-46A6-9C0D-0AB9FA49EE33}
		{BCF35453-C453-47B0-BC23-CBE48325621B} = {D9377463-89B7-46A6-9C0D-0AB9FA49EE33}
	EndGlobalSection
	GlobalSection(ExtensibilityGlobals) = postSolution
		SolutionGuid = {A19D0023-F8EC-4938-A3D2-AB76D3A3AAE6}
	EndGlobalSection
EndGlobal
