
Microsoft Visual Studio Solution File, Format Version 12.00
# Visual Studio 15
VisualStudioVersion = 15.0.28307.168
MinimumVisualStudioVersion = 10.0.40219.1
Project("{FAE04EC0-301F-11D3-BF4B-00C04F79EFBC}") = "MarkovChain", "MarkovChain\MarkovChain.csproj", "{22077529-E88A-4136-903F-D5C4668C5D23}"
EndProject
Global
	GlobalSection(SolutionConfigurationPlatforms) = preSolution
		Debug|Any CPU = Debug|Any CPU
		Release|Any CPU = Release|Any CPU
	EndGlobalSection
	GlobalSection(ProjectConfigurationPlatforms) = postSolution
		{22077529-E88A-4136-903F-D5C4668C5D23}.Debug|Any CPU.ActiveCfg = Debug|Any CPU
		{22077529-E88A-4136-903F-D5C4668C5D23}.Debug|Any CPU.Build.0 = Debug|Any CPU
		{22077529-E88A-4136-903F-D5C4668C5D23}.Release|Any CPU.ActiveCfg = Release|Any CPU
		{22077529-E88A-4136-903F-D5C4668C5D23}.Release|Any CPU.Build.0 = Release|Any CPU
	EndGlobalSection
	GlobalSection(SolutionProperties) = preSolution
		HideSolutionNode = FALSE
	EndGlobalSection
	GlobalSection(ExtensibilityGlobals) = postSolution
		SolutionGuid = {DA022663-F2C6-4A4A-B36B-63CBD113FA73}
	EndGlobalSection
EndGlobal
